Microsoft Visual Studio Solution File, Format Version 12.00
# Visual Studio 2013
VisualStudioVersion = 12.0.40629.0
MinimumVisualStudioVersion = 10.0.40219.1

Project("{8BC9CEB8-8B4A-11D0-8D11-00A0C91BC942}") = "机器人服务", "AndroidService.vcxproj", "{487AE71A-160E-49E0-A1EF-6D115F6B8A3F}"
	ProjectSection(ProjectDependencies) = postProject
	EndProjectSection
EndProject
Global
	GlobalSection(SolutionConfiguration) = preSolution
		Debug = Debug
		Debug_Unicode = Debug_Unicode
		Release = Release
		Release_Unicode = Release_Unicode
	EndGlobalSection
	GlobalSection(ProjectDependencies) = postSolution
	EndGlobalSection
	GlobalSection(ProjectConfiguration) = postSolution
		{487AE71A-160E-49E0-A1EF-6D115F6B8A3F}.Debug.ActiveCfg = Debug|Win32
		{487AE71A-160E-49E0-A1EF-6D115F6B8A3F}.Debug.Build.0 = Debug|Win32
		{487AE71A-160E-49E0-A1EF-6D115F6B8A3F}.Debug_Unicode.ActiveCfg = Debug_Unicode|Win32
		{487AE71A-160E-49E0-A1EF-6D115F6B8A3F}.Debug_Unicode.Build.0 = Debug_Unicode|Win32
		{487AE71A-160E-49E0-A1EF-6D115F6B8A3F}.Release.ActiveCfg = Release|Win32
		{487AE71A-160E-49E0-A1EF-6D115F6B8A3F}.Release.Build.0 = Release|Win32
		{487AE71A-160E-49E0-A1EF-6D115F6B8A3F}.Release_Unicode.ActiveCfg = Release_Unicode|Win32
		{487AE71A-160E-49E0-A1EF-6D115F6B8A3F}.Release_Unicode.Build.0 = Release_Unicode|Win32
	EndGlobalSection
	GlobalSection(ExtensibilityGlobals) = postSolution
	EndGlobalSection
	GlobalSection(ExtensibilityAddIns) = postSolution
	EndGlobalSection
EndGlobal
