Microsoft Visual Studio Solution File, Format Version 12.00
# Visual Studio 2013
VisualStudioVersion = 12.0.40629.0
MinimumVisualStudioVersion = 10.0.40219.1

Project("{8BC9CEB8-8B4A-11D0-8D11-00A0C91BC942}") = "ÓÎÏ·Â¼Ïñ", "GameVideo.vcxproj", "{E30A6C9B-6B5E-4348-BC0E-67E1A22EEAAF}"
	ProjectSection(ProjectDependencies) = postProject
	EndProjectSection
EndProject
Global
	GlobalSection(SolutionConfiguration) = preSolution
		Debug = Debug
		Debug_Unicode = Debug_Unicode
		Release = Release
		Release_Unicode = Release_Unicode
	EndGlobalSection
	GlobalSection(ProjectConfiguration) = postSolution
		{E30A6C9B-6B5E-4348-BC0E-67E1A22EEAAF}.Debug.ActiveCfg = Debug|Win32
		{E30A6C9B-6B5E-4348-BC0E-67E1A22EEAAF}.Debug.Build.0 = Debug|Win32
		{E30A6C9B-6B5E-4348-BC0E-67E1A22EEAAF}.Debug_Unicode.ActiveCfg = Debug_Unicode|Win32
		{E30A6C9B-6B5E-4348-BC0E-67E1A22EEAAF}.Debug_Unicode.Build.0 = Debug_Unicode|Win32
		{E30A6C9B-6B5E-4348-BC0E-67E1A22EEAAF}.Release.ActiveCfg = Release|Win32
		{E30A6C9B-6B5E-4348-BC0E-67E1A22EEAAF}.Release.Build.0 = Release|Win32
		{E30A6C9B-6B5E-4348-BC0E-67E1A22EEAAF}.Release_Unicode.ActiveCfg = Release_Unicode|Win32
		{E30A6C9B-6B5E-4348-BC0E-67E1A22EEAAF}.Release_Unicode.Build.0 = Release_Unicode|Win32
	EndGlobalSection
	GlobalSection(ExtensibilityGlobals) = postSolution
	EndGlobalSection
	GlobalSection(ExtensibilityAddIns) = postSolution
	EndGlobalSection
EndGlobal
